
Microsoft Visual Studio Solution File, Format Version 12.00
# Visual Studio Version 16
VisualStudioVersion = 16.0.29613.14
MinimumVisualStudioVersion = 10.0.40219.1
Project("{FAE04EC0-301F-11D3-BF4B-00C04F79EFBC}") = "RegularExpressionMatching.Logic", "RegularExpressionMatching.Logic\RegularExpressionMatching.Logic.csproj", "{078F678B-0C23-493E-88FF-114D2633988A}"
EndProject
Project("{FAE04EC0-301F-11D3-BF4B-00C04F79EFBC}") = "RegularExpressionMatching.Tests", "RegularExpressionMatching.Tests\RegularExpressionMatching.Tests.csproj", "{4C91186F-A854-4B20-ABAE-20563F96F91D}"
EndProject
Global
	GlobalSection(SolutionConfigurationPlatforms) = preSolution
		Debug|Any CPU = Debug|Any CPU
		Release|Any CPU = Release|Any CPU
	EndGlobalSection
	GlobalSection(ProjectConfigurationPlatforms) = postSolution
		{078F678B-0C23-493E-88FF-114D2633988A}.Debug|Any CPU.ActiveCfg = Debug|Any CPU
		{078F678B-0C23-493E-88FF-114D2633988A}.Debug|Any CPU.Build.0 = Debug|Any CPU
		{078F678B-0C23-493E-88FF-114D2633988A}.Release|Any CPU.ActiveCfg = Release|Any CPU
		{078F678B-0C23-493E-88FF-114D2633988A}.Release|Any CPU.Build.0 = Release|Any CPU
		{4C91186F-A854-4B20-ABAE-20563F96F91D}.Debug|Any CPU.ActiveCfg = Debug|Any CPU
		{4C91186F-A854-4B20-ABAE-20563F96F91D}.Debug|Any CPU.Build.0 = Debug|Any CPU
		{4C91186F-A854-4B20-ABAE-20563F96F91D}.Release|Any CPU.ActiveCfg = Release|Any CPU
		{4C91186F-A854-4B20-ABAE-20563F96F91D}.Release|Any CPU.Build.0 = Release|Any CPU
	EndGlobalSection
	GlobalSection(SolutionProperties) = preSolution
		HideSolutionNode = FALSE
	EndGlobalSection
	GlobalSection(ExtensibilityGlobals) = postSolution
		SolutionGuid = {75385DF8-D284-44CF-990B-57DC89D8B5B2}
	EndGlobalSection
EndGlobal
